
Microsoft Visual Studio Solution File, Format Version 12.00
# Visual Studio Version 17
VisualStudioVersion = 17.4.32804.182
MinimumVisualStudioVersion = 10.0.40219.1
Project("{FAE04EC0-301F-11D3-BF4B-00C04F79EFBC}") = "[NAME]", "[NAME]\[NAME].csproj", "{F8CFDE00-8C0F-4960-A251-32A7DB8C490C}"
EndProject
Global
	GlobalSection(SolutionConfigurationPlatforms) = preSolution
		Debug|Any CPU = Debug|Any CPU
		Release|Any CPU = Release|Any CPU
	EndGlobalSection
	GlobalSection(ProjectConfigurationPlatforms) = postSolution
		{F8CFDE00-8C0F-4960-A251-32A7DB8C490C}.Debug|Any CPU.ActiveCfg = Debug|Any CPU
		{F8CFDE00-8C0F-4960-A251-32A7DB8C490C}.Debug|Any CPU.Build.0 = Debug|Any CPU
		{F8CFDE00-8C0F-4960-A251-32A7DB8C490C}.Release|Any CPU.ActiveCfg = Release|Any CPU
		{F8CFDE00-8C0F-4960-A251-32A7DB8C490C}.Release|Any CPU.Build.0 = Release|Any CPU
	EndGlobalSection
	GlobalSection(SolutionProperties) = preSolution
		HideSolutionNode = FALSE
	EndGlobalSection
	GlobalSection(ExtensibilityGlobals) = postSolution
		SolutionGuid = {9D4FC44D-214D-4D23-AB29-50F8A04F91D3}
	EndGlobalSection
EndGlobal
